
Microsoft Visual Studio Solution File, Format Version 12.00
# Visual Studio Version 16
VisualStudioVersion = 16.0.31515.178
MinimumVisualStudioVersion = 10.0.40219.1
Project("{9A19103F-16F7-4668-BE54-9A1E7A4F7556}") = "ProjectList", "ProjectList.csproj", "{8F9FD3C8-287C-4A10-A332-47897A0F7C4A}"
EndProject
Project("{9A19103F-16F7-4668-BE54-9A1E7A4F7556}") = "ProjectListData", "..\ProjectListData\ProjectListData.csproj", "{CE0A256A-9C73-4477-AA07-B77DEAD8D513}"
EndProject
Global
	GlobalSection(SolutionConfigurationPlatforms) = preSolution
		Debug|Any CPU = Debug|Any CPU
		Release|Any CPU = Release|Any CPU
	EndGlobalSection
	GlobalSection(ProjectConfigurationPlatforms) = postSolution
		{8F9FD3C8-287C-4A10-A332-47897A0F7C4A}.Debug|Any CPU.ActiveCfg = Debug|Any CPU
		{8F9FD3C8-287C-4A10-A332-47897A0F7C4A}.Debug|Any CPU.Build.0 = Debug|Any CPU
		{8F9FD3C8-287C-4A10-A332-47897A0F7C4A}.Release|Any CPU.ActiveCfg = Release|Any CPU
		{8F9FD3C8-287C-4A10-A332-47897A0F7C4A}.Release|Any CPU.Build.0 = Release|Any CPU
		{CE0A256A-9C73-4477-AA07-B77DEAD8D513}.Debug|Any CPU.ActiveCfg = Debug|Any CPU
		{CE0A256A-9C73-4477-AA07-B77DEAD8D513}.Debug|Any CPU.Build.0 = Debug|Any CPU
		{CE0A256A-9C73-4477-AA07-B77DEAD8D513}.Release|Any CPU.ActiveCfg = Release|Any CPU
		{CE0A256A-9C73-4477-AA07-B77DEAD8D513}.Release|Any CPU.Build.0 = Release|Any CPU
	EndGlobalSection
	GlobalSection(SolutionProperties) = preSolution
		HideSolutionNode = FALSE
	EndGlobalSection
	GlobalSection(ExtensibilityGlobals) = postSolution
		SolutionGuid = {FFBA4FBB-4332-46D4-8860-05071F3C1F41}
	EndGlobalSection
EndGlobal
